
Microsoft Visual Studio Solution File, Format Version 12.00
# Visual Studio Version 16
VisualStudioVersion = 16.0.31112.23
MinimumVisualStudioVersion = 10.0.40219.1
Project("{FAE04EC0-301F-11D3-BF4B-00C04F79EFBC}") = "RabsAndWolfs", "RabsAndWolfs.csproj", "{D791423E-6EB8-4B5D-98B6-A7BB26CBD8E7}"
EndProject
Global
	GlobalSection(SolutionConfigurationPlatforms) = preSolution
		Debug|Any CPU = Debug|Any CPU
		Release|Any CPU = Release|Any CPU
	EndGlobalSection
	GlobalSection(ProjectConfigurationPlatforms) = postSolution
		{D791423E-6EB8-4B5D-98B6-A7BB26CBD8E7}.Debug|Any CPU.ActiveCfg = Debug|Any CPU
		{D791423E-6EB8-4B5D-98B6-A7BB26CBD8E7}.Debug|Any CPU.Build.0 = Debug|Any CPU
		{D791423E-6EB8-4B5D-98B6-A7BB26CBD8E7}.Release|Any CPU.ActiveCfg = Release|Any CPU
		{D791423E-6EB8-4B5D-98B6-A7BB26CBD8E7}.Release|Any CPU.Build.0 = Release|Any CPU
	EndGlobalSection
	GlobalSection(SolutionProperties) = preSolution
		HideSolutionNode = FALSE
	EndGlobalSection
	GlobalSection(ExtensibilityGlobals) = postSolution
		SolutionGuid = {D0B93C65-9EDD-4F3C-A298-9C7D236DAB1E}
	EndGlobalSection
EndGlobal
